
Microsoft Visual Studio Solution File, Format Version 12.00
# Visual Studio 15
VisualStudioVersion = 15.0.27703.2047
MinimumVisualStudioVersion = 10.0.40219.1
Project("{FAE04EC0-301F-11D3-BF4B-00C04F79EFBC}") = "Sep_4_Bragg", "Sep_4_Bragg\Sep_4_Bragg.csproj", "{2B8AEA26-87BF-4547-9AD9-6FD941F241FC}"
EndProject
Global
	GlobalSection(SolutionConfigurationPlatforms) = preSolution
		Debug|Any CPU = Debug|Any CPU
		Release|Any CPU = Release|Any CPU
	EndGlobalSection
	GlobalSection(ProjectConfigurationPlatforms) = postSolution
		{2B8AEA26-87BF-4547-9AD9-6FD941F241FC}.Debug|Any CPU.ActiveCfg = Debug|Any CPU
		{2B8AEA26-87BF-4547-9AD9-6FD941F241FC}.Debug|Any CPU.Build.0 = Debug|Any CPU
		{2B8AEA26-87BF-4547-9AD9-6FD941F241FC}.Release|Any CPU.ActiveCfg = Release|Any CPU
		{2B8AEA26-87BF-4547-9AD9-6FD941F241FC}.Release|Any CPU.Build.0 = Release|Any CPU
	EndGlobalSection
	GlobalSection(SolutionProperties) = preSolution
		HideSolutionNode = FALSE
	EndGlobalSection
	GlobalSection(ExtensibilityGlobals) = postSolution
		SolutionGuid = {70358CAD-8ED6-4081-9F09-4ABF1D8DB26B}
	EndGlobalSection
EndGlobal
